// !$*UTF8*$!
{
	archiveVersion = 1;
	classes = {
	};
	objectVersion = 56;
	objects = {

/* Begin PBXBuildFile section */
		47C1617E291AD3A90013D330 /* AppDelegate.swift in Sources */ = {isa = PBXBuildFile; fileRef = 47C1617D291AD3A90013D330 /* AppDelegate.swift */; };
		47C16180291AD3A90013D330 /* SceneDelegate.swift in Sources */ = {isa = PBXBuildFile; fileRef = 47C1617F291AD3A90013D330 /* SceneDelegate.swift */; };
		47C16182291AD3A90013D330 /* ViewController.swift in Sources */ = {isa = PBXBuildFile; fileRef = 47C16181291AD3A90013D330 /* ViewController.swift */; };
		47C16185291AD3A90013D330 /* Main.storyboard in Resources */ = {isa = PBXBuildFile; fileRef = 47C16183291AD3A90013D330 /* Main.storyboard */; };
		47C16187291AD3A90013D330 /* Assets.xcassets in Resources */ = {isa = PBXBuildFile; fileRef = 47C16186291AD3A90013D330 /* Assets.xcassets */; };
		47C1618A291AD3A90013D330 /* LaunchScreen.storyboard in Resources */ = {isa = PBXBuildFile; fileRef = 47C16188291AD3A90013D330 /* LaunchScreen.storyboard */; };
		47C16195291AD3AA0013D330 /* passthepotato_iosTests.swift in Sources */ = {isa = PBXBuildFile; fileRef = 47C16194291AD3AA0013D330 /* passthepotato_iosTests.swift */; };
		47C1619F291AD3AA0013D330 /* passthepotato_iosUITests.swift in Sources */ = {isa = PBXBuildFile; fileRef = 47C1619E291AD3AA0013D330 /* passthepotato_iosUITests.swift */; };
		47C161A1291AD3AA0013D330 /* passthepotato_iosUITestsLaunchTests.swift in Sources */ = {isa = PBXBuildFile; fileRef = 47C161A0291AD3AA0013D330 /* passthepotato_iosUITestsLaunchTests.swift */; };
/* End PBXBuildFile section */

/* Begin PBXContainerItemProxy section */
		47C16191291AD3AA0013D330 /* PBXContainerItemProxy */ = {
			isa = PBXContainerItemProxy;
			containerPortal = 47C16172291AD3A90013D330 /* Project object */;
			proxyType = 1;
			remoteGlobalIDString = 47C16179291AD3A90013D330;
			remoteInfo = "passthepotato-ios";
		};
		47C1619B291AD3AA0013D330 /* PBXContainerItemProxy */ = {
			isa = PBXContainerItemProxy;
			containerPortal = 47C16172291AD3A90013D330 /* Project object */;
			proxyType = 1;
			remoteGlobalIDString = 47C16179291AD3A90013D330;
			remoteInfo = "passthepotato-ios";
		};
/* End PBXContainerItemProxy section */

/* Begin PBXFileReference section */
		47C1617A291AD3A90013D330 /* passthepotato-ios.app */ = {isa = PBXFileReference; explicitFileType = wrapper.application; includeInIndex = 0; path = "passthepotato-ios.app"; sourceTree = BUILT_PRODUCTS_DIR; };
		47C1617D291AD3A90013D330 /* AppDelegate.swift */ = {isa = PBXFileReference; lastKnownFileType = sourcecode.swift; path = AppDelegate.swift; sourceTree = "<group>"; };
		47C1617F291AD3A90013D330 /* SceneDelegate.swift */ = {isa = PBXFileReference; lastKnownFileType = sourcecode.swift; path = SceneDelegate.swift; sourceTree = "<group>"; };
		47C16181291AD3A90013D330 /* ViewController.swift */ = {isa = PBXFileReference; lastKnownFileType = sourcecode.swift; path = ViewController.swift; sourceTree = "<group>"; };
		47C16184291AD3A90013D330 /* Base */ = {isa = PBXFileReference; lastKnownFileType = file.storyboard; name = Base; path = Base.lproj/Main.storyboard; sourceTree = "<group>"; };
		47C16186291AD3A90013D330 /* Assets.xcassets */ = {isa = PBXFileReference; lastKnownFileType = folder.assetcatalog; path = Assets.xcassets; sourceTree = "<group>"; };
		47C16189291AD3A90013D330 /* Base */ = {isa = PBXFileReference; lastKnownFileType = file.storyboard; name = Base; path = Base.lproj/LaunchScreen.storyboard; sourceTree = "<group>"; };
		47C1618B291AD3A90013D330 /* Info.plist */ = {isa = PBXFileReference; lastKnownFileType = text.plist.xml; path = Info.plist; sourceTree = "<group>"; };
		47C16190291AD3AA0013D330 /* passthepotato-iosTests.xctest */ = {isa = PBXFileReference; explicitFileType = wrapper.cfbundle; includeInIndex = 0; path = "passthepotato-iosTests.xctest"; sourceTree = BUILT_PRODUCTS_DIR; };
		47C16194291AD3AA0013D330 /* passthepotato_iosTests.swift */ = {isa = PBXFileReference; lastKnownFileType = sourcecode.swift; path = passthepotato_iosTests.swift; sourceTree = "<group>"; };
		47C1619A291AD3AA0013D330 /* passthepotato-iosUITests.xctest */ = {isa = PBXFileReference; explicitFileType = wrapper.cfbundle; includeInIndex = 0; path = "passthepotato-iosUITests.xctest"; sourceTree = BUILT_PRODUCTS_DIR; };
		47C1619E291AD3AA0013D330 /* passthepotato_iosUITests.swift */ = {isa = PBXFileReference; lastKnownFileType = sourcecode.swift; path = passthepotato_iosUITests.swift; sourceTree = "<group>"; };
		47C161A0291AD3AA0013D330 /* passthepotato_iosUITestsLaunchTests.swift */ = {isa = PBXFileReference; lastKnownFileType = sourcecode.swift; path = passthepotato_iosUITestsLaunchTests.swift; sourceTree = "<group>"; };
/* End PBXFileReference section */

/* Begin PBXFrameworksBuildPhase section */
		47C16177291AD3A90013D330 /* Frameworks */ = {
			isa = PBXFrameworksBuildPhase;
			buildActionMask = 2147483647;
			files = (
			);
			runOnlyForDeploymentPostprocessing = 0;
		};
		47C1618D291AD3AA0013D330 /* Frameworks */ = {
			isa = PBXFrameworksBuildPhase;
			buildActionMask = 2147483647;
			files = (
			);
			runOnlyForDeploymentPostprocessing = 0;
		};
		47C16197291AD3AA0013D330 /* Frameworks */ = {
			isa = PBXFrameworksBuildPhase;
			buildActionMask = 2147483647;
			files = (
			);
			runOnlyForDeploymentPostprocessing = 0;
		};
/* End PBXFrameworksBuildPhase section */

/* Begin PBXGroup section */
		47C16171291AD3A90013D330 = {
			isa = PBXGroup;
			children = (
				47C1617C291AD3A90013D330 /* passthepotato-ios */,
				47C16193291AD3AA0013D330 /* passthepotato-iosTests */,
				47C1619D291AD3AA0013D330 /* passthepotato-iosUITests */,
				47C1617B291AD3A90013D330 /* Products */,
			);
			sourceTree = "<group>";
		};
		47C1617B291AD3A90013D330 /* Products */ = {
			isa = PBXGroup;
			children = (
				47C1617A291AD3A90013D330 /* passthepotato-ios.app */,
				47C16190291AD3AA0013D330 /* passthepotato-iosTests.xctest */,
				47C1619A291AD3AA0013D330 /* passthepotato-iosUITests.xctest */,
			);
			name = Products;
			sourceTree = "<group>";
		};
		47C1617C291AD3A90013D330 /* passthepotato-ios */ = {
			isa = PBXGroup;
			children = (
				47C1617D291AD3A90013D330 /* AppDelegate.swift */,
				47C1617F291AD3A90013D330 /* SceneDelegate.swift */,
				47C16181291AD3A90013D330 /* ViewController.swift */,
				47C16183291AD3A90013D330 /* Main.storyboard */,
				47C16186291AD3A90013D330 /* Assets.xcassets */,
				47C16188291AD3A90013D330 /* LaunchScreen.storyboard */,
				47C1618B291AD3A90013D330 /* Info.plist */,
			);
			path = "passthepotato-ios";
			sourceTree = "<group>";
		};
		47C16193291AD3AA0013D330 /* passthepotato-iosTests */ = {
			isa = PBXGroup;
			children = (
				47C16194291AD3AA0013D330 /* passthepotato_iosTests.swift */,
			);
			path = "passthepotato-iosTests";
			sourceTree = "<group>";
		};
		47C1619D291AD3AA0013D330 /* passthepotato-iosUITests */ = {
			isa = PBXGroup;
			children = (
				47C1619E291AD3AA0013D330 /* passthepotato_iosUITests.swift */,
				47C161A0291AD3AA0013D330 /* passthepotato_iosUITestsLaunchTests.swift */,
			);
			path = "passthepotato-iosUITests";
			sourceTree = "<group>";
		};
/* End PBXGroup section */

/* Begin PBXNativeTarget section */
		47C16179291AD3A90013D330 /* passthepotato-ios */ = {
			isa = PBXNativeTarget;
			buildConfigurationList = 47C161A4291AD3AA0013D330 /* Build configuration list for PBXNativeTarget "passthepotato-ios" */;
			buildPhases = (
				47C16176291AD3A90013D330 /* Sources */,
				47C16177291AD3A90013D330 /* Frameworks */,
				47C16178291AD3A90013D330 /* Resources */,
			);
			buildRules = (
			);
			dependencies = (
			);
			name = "passthepotato-ios";
			productName = "passthepotato-ios";
			productReference = 47C1617A291AD3A90013D330 /* passthepotato-ios.app */;
			productType = "com.apple.product-type.application";
		};
		47C1618F291AD3AA0013D330 /* passthepotato-iosTests */ = {
			isa = PBXNativeTarget;
			buildConfigurationList = 47C161A7291AD3AA0013D330 /* Build configuration list for PBXNativeTarget "passthepotato-iosTests" */;
			buildPhases = (
				47C1618C291AD3AA0013D330 /* Sources */,
				47C1618D291AD3AA0013D330 /* Frameworks */,
				47C1618E291AD3AA0013D330 /* Resources */,
			);
			buildRules = (
			);
			dependencies = (
				47C16192291AD3AA0013D330 /* PBXTargetDependency */,
			);
			name = "passthepotato-iosTests";
			productName = "passthepotato-iosTests";
			productReference = 47C16190291AD3AA0013D330 /* passthepotato-iosTests.xctest */;
			productType = "com.apple.product-type.bundle.unit-test";
		};
		47C16199291AD3AA0013D330 /* passthepotato-iosUITests */ = {
			isa = PBXNativeTarget;
			buildConfigurationList = 47C161AA291AD3AA0013D330 /* Build configuration list for PBXNativeTarget "passthepotato-iosUITests" */;
			buildPhases = (
				47C16196291AD3AA0013D330 /* Sources */,
				47C16197291AD3AA0013D330 /* Frameworks */,
				47C16198291AD3AA0013D330 /* Resources */,
			);
			buildRules = (
			);
			dependencies = (
				47C1619C291AD3AA0013D330 /* PBXTargetDependency */,
			);
			name = "passthepotato-iosUITests";
			productName = "passthepotato-iosUITests";
			productReference = 47C1619A291AD3AA0013D330 /* passthepotato-iosUITests.xctest */;
			productType = "com.apple.product-type.bundle.ui-testing";
		};
/* End PBXNativeTarget section */

/* Begin PBXProject section */
		47C16172291AD3A90013D330 /* Project object */ = {
			isa = PBXProject;
			attributes = {
				BuildIndependentTargetsInParallel = 1;
				LastSwiftUpdateCheck = 1410;
				LastUpgradeCheck = 1410;
				TargetAttributes = {
					47C16179291AD3A90013D330 = {
						CreatedOnToolsVersion = 14.1;
					};
					47C1618F291AD3AA0013D330 = {
						CreatedOnToolsVersion = 14.1;
						TestTargetID = 47C16179291AD3A90013D330;
					};
					47C16199291AD3AA0013D330 = {
						CreatedOnToolsVersion = 14.1;
						TestTargetID = 47C16179291AD3A90013D330;
					};
				};
			};
			buildConfigurationList = 47C16175291AD3A90013D330 /* Build configuration list for PBXProject "passthepotato-ios" */;
			compatibilityVersion = "Xcode 14.0";
			developmentRegion = en;
			hasScannedForEncodings = 0;
			knownRegions = (
				en,
				Base,
			);
			mainGroup = 47C16171291AD3A90013D330;
			productRefGroup = 47C1617B291AD3A90013D330 /* Products */;
			projectDirPath = "";
			projectRoot = "";
			targets = (
				47C16179291AD3A90013D330 /* passthepotato-ios */,
				47C1618F291AD3AA0013D330 /* passthepotato-iosTests */,
				47C16199291AD3AA0013D330 /* passthepotato-iosUITests */,
			);
		};
/* End PBXProject section */

/* Begin PBXResourcesBuildPhase section */
		47C16178291AD3A90013D330 /* Resources */ = {
			isa = PBXResourcesBuildPhase;
			buildActionMask = 2147483647;
			files = (
				47C1618A291AD3A90013D330 /* LaunchScreen.storyboard in Resources */,
				47C16187291AD3A90013D330 /* Assets.xcassets in Resources */,
				47C16185291AD3A90013D330 /* Main.storyboard in Resources */,
			);
			runOnlyForDeploymentPostprocessing = 0;
		};
		47C1618E291AD3AA0013D330 /* Resources */ = {
			isa = PBXResourcesBuildPhase;
			buildActionMask = 2147483647;
			files = (
			);
			runOnlyForDeploymentPostprocessing = 0;
		};
		47C16198291AD3AA0013D330 /* Resources */ = {
			isa = PBXResourcesBuildPhase;
			buildActionMask = 2147483647;
			files = (
			);
			runOnlyForDeploymentPostprocessing = 0;
		};
/* End PBXResourcesBuildPhase section */

/* Begin PBXSourcesBuildPhase section */
		47C16176291AD3A90013D330 /* Sources */ = {
			isa = PBXSourcesBuildPhase;
			buildActionMask = 2147483647;
			files = (
				47C16182291AD3A90013D330 /* ViewController.swift in Sources */,
				47C1617E291AD3A90013D330 /* AppDelegate.swift in Sources */,
				47C16180291AD3A90013D330 /* SceneDelegate.swift in Sources */,
			);
			runOnlyForDeploymentPostprocessing = 0;
		};
		47C1618C291AD3AA0013D330 /* Sources */ = {
			isa = PBXSourcesBuildPhase;
			buildActionMask = 2147483647;
			files = (
				47C16195291AD3AA0013D330 /* passthepotato_iosTests.swift in Sources */,
			);
			runOnlyForDeploymentPostprocessing = 0;
		};
		47C16196291AD3AA0013D330 /* Sources */ = {
			isa = PBXSourcesBuildPhase;
			buildActionMask = 2147483647;
			files = (
				47C161A1291AD3AA0013D330 /* passthepotato_iosUITestsLaunchTests.swift in Sources */,
				47C1619F291AD3AA0013D330 /* passthepotato_iosUITests.swift in Sources */,
			);
			runOnlyForDeploymentPostprocessing = 0;
		};
/* End PBXSourcesBuildPhase section */

/* Begin PBXTargetDependency section */
		47C16192291AD3AA0013D330 /* PBXTargetDependency */ = {
			isa = PBXTargetDependency;
			target = 47C16179291AD3A90013D330 /* passthepotato-ios */;
			targetProxy = 47C16191291AD3AA0013D330 /* PBXContainerItemProxy */;
		};
		47C1619C291AD3AA0013D330 /* PBXTargetDependency */ = {
			isa = PBXTargetDependency;
			target = 47C16179291AD3A90013D330 /* passthepotato-ios */;
			targetProxy = 47C1619B291AD3AA0013D330 /* PBXContainerItemProxy */;
		};
/* End PBXTargetDependency section */

/* Begin PBXVariantGroup section */
		47C16183291AD3A90013D330 /* Main.storyboard */ = {
			isa = PBXVariantGroup;
			children = (
				47C16184291AD3A90013D330 /* Base */,
			);
			name = Main.storyboard;
			sourceTree = "<group>";
		};
		47C16188291AD3A90013D330 /* LaunchScreen.storyboard */ = {
			isa = PBXVariantGroup;
			children = (
				47C16189291AD3A90013D330 /* Base */,
			);
			name = LaunchScreen.storyboard;
			sourceTree = "<group>";
		};
/* End PBXVariantGroup section */

/* Begin XCBuildConfiguration section */
		47C161A2291AD3AA0013D330 /* Debug */ = {
			isa = XCBuildConfiguration;
			buildSettings = {
				ALWAYS_SEARCH_USER_PATHS = NO;
				CLANG_ANALYZER_NONNULL = YES;
				CLANG_ANALYZER_NUMBER_OBJECT_CONVERSION = YES_AGGRESSIVE;
				CLANG_CXX_LANGUAGE_STANDARD = "gnu++20";
				CLANG_ENABLE_MODULES = YES;
				CLANG_ENABLE_OBJC_ARC = YES;
				CLANG_ENABLE_OBJC_WEAK = YES;
				CLANG_WARN_BLOCK_CAPTURE_AUTORELEASING = YES;
				CLANG_WARN_BOOL_CONVERSION = YES;
				CLANG_WARN_COMMA = YES;
				CLANG_WARN_CONSTANT_CONVERSION = YES;
				CLANG_WARN_DEPRECATED_OBJC_IMPLEMENTATIONS = YES;
				CLANG_WARN_DIRECT_OBJC_ISA_USAGE = YES_ERROR;
				CLANG_WARN_DOCUMENTATION_COMMENTS = YES;
				CLANG_WARN_EMPTY_BODY = YES;
				CLANG_WARN_ENUM_CONVERSION = YES;
				CLANG_WARN_INFINITE_RECURSION = YES;
				CLANG_WARN_INT_CONVERSION = YES;
				CLANG_WARN_NON_LITERAL_NULL_CONVERSION = YES;
				CLANG_WARN_OBJC_IMPLICIT_RETAIN_SELF = YES;
				CLANG_WARN_OBJC_LITERAL_CONVERSION = YES;
				CLANG_WARN_OBJC_ROOT_CLASS = YES_ERROR;
				CLANG_WARN_QUOTED_INCLUDE_IN_FRAMEWORK_HEADER = YES;
				CLANG_WARN_RANGE_LOOP_ANALYSIS = YES;
				CLANG_WARN_STRICT_PROTOTYPES = YES;
				CLANG_WARN_SUSPICIOUS_MOVE = YES;
				CLANG_WARN_UNGUARDED_AVAILABILITY = YES_AGGRESSIVE;
				CLANG_WARN_UNREACHABLE_CODE = YES;
				CLANG_WARN__DUPLICATE_METHOD_MATCH = YES;
				COPY_PHASE_STRIP = NO;
				DEBUG_INFORMATION_FORMAT = dwarf;
				ENABLE_STRICT_OBJC_MSGSEND = YES;
				ENABLE_TESTABILITY = YES;
				GCC_C_LANGUAGE_STANDARD = gnu11;
				GCC_DYNAMIC_NO_PIC = NO;
				GCC_NO_COMMON_BLOCKS = YES;
				GCC_OPTIMIZATION_LEVEL = 0;
				GCC_PREPROCESSOR_DEFINITIONS = (
					"DEBUG=1",
					"$(inherited)",
				);
				GCC_WARN_64_TO_32_BIT_CONVERSION = YES;
				GCC_WARN_ABOUT_RETURN_TYPE = YES_ERROR;
				GCC_WARN_UNDECLARED_SELECTOR = YES;
				GCC_WARN_UNINITIALIZED_AUTOS = YES_AGGRESSIVE;
				GCC_WARN_UNUSED_FUNCTION = YES;
				GCC_WARN_UNUSED_VARIABLE = YES;
				IPHONEOS_DEPLOYMENT_TARGET = 16.1;
				MTL_ENABLE_DEBUG_INFO = INCLUDE_SOURCE;
				MTL_FAST_MATH = YES;
				ONLY_ACTIVE_ARCH = YES;
				SDKROOT = iphoneos;
				SWIFT_ACTIVE_COMPILATION_CONDITIONS = DEBUG;
				SWIFT_OPTIMIZATION_LEVEL = "-Onone";
			};
			name = Debug;
		};
		47C161A3291AD3AA0013D330 /* Release */ = {
			isa = XCBuildConfiguration;
			buildSettings = {
				ALWAYS_SEARCH_USER_PATHS = NO;
				CLANG_ANALYZER_NONNULL = YES;
				CLANG_ANALYZER_NUMBER_OBJECT_CONVERSION = YES_AGGRESSIVE;
				CLANG_CXX_LANGUAGE_STANDARD = "gnu++20";
				CLANG_ENABLE_MODULES = YES;
				CLANG_ENABLE_OBJC_ARC = YES;
				CLANG_ENABLE_OBJC_WEAK = YES;
				CLANG_WARN_BLOCK_CAPTURE_AUTORELEASING = YES;
				CLANG_WARN_BOOL_CONVERSION = YES;
				CLANG_WARN_COMMA = YES;
				CLANG_WARN_CONSTANT_CONVERSION = YES;
				CLANG_WARN_DEPRECATED_OBJC_IMPLEMENTATIONS = YES;
				CLANG_WARN_DIRECT_OBJC_ISA_USAGE = YES_ERROR;
				CLANG_WARN_DOCUMENTATION_COMMENTS = YES;
				CLANG_WARN_EMPTY_BODY = YES;
				CLANG_WARN_ENUM_CONVERSION = YES;
				CLANG_WARN_INFINITE_RECURSION = YES;
				CLANG_WARN_INT_CONVERSION = YES;
				CLANG_WARN_NON_LITERAL_NULL_CONVERSION = YES;
				CLANG_WARN_OBJC_IMPLICIT_RETAIN_SELF = YES;
				CLANG_WARN_OBJC_LITERAL_CONVERSION = YES;
				CLANG_WARN_OBJC_ROOT_CLASS = YES_ERROR;
				CLANG_WARN_QUOTED_INCLUDE_IN_FRAMEWORK_HEADER = YES;
				CLANG_WARN_RANGE_LOOP_ANALYSIS = YES;
				CLANG_WARN_STRICT_PROTOTYPES = YES;
				CLANG_WARN_SUSPICIOUS_MOVE = YES;
				CLANG_WARN_UNGUARDED_AVAILABILITY = YES_AGGRESSIVE;
				CLANG_WARN_UNREACHABLE_CODE = YES;
				CLANG_WARN__DUPLICATE_METHOD_MATCH = YES;
				COPY_PHASE_STRIP = NO;
				DEBUG_INFORMATION_FORMAT = "dwarf-with-dsym";
				ENABLE_NS_ASSERTIONS = NO;
				ENABLE_STRICT_OBJC_MSGSEND = YES;
				GCC_C_LANGUAGE_STANDARD = gnu11;
				GCC_NO_COMMON_BLOCKS = YES;
				GCC_WARN_64_TO_32_BIT_CONVERSION = YES;
				GCC_WARN_ABOUT_RETURN_TYPE = YES_ERROR;
				GCC_WARN_UNDECLARED_SELECTOR = YES;
				GCC_WARN_UNINITIALIZED_AUTOS = YES_AGGRESSIVE;
				GCC_WARN_UNUSED_FUNCTION = YES;
				GCC_WARN_UNUSED_VARIABLE = YES;
				IPHONEOS_DEPLOYMENT_TARGET = 16.1;
				MTL_ENABLE_DEBUG_INFO = NO;
				MTL_FAST_MATH = YES;
				SDKROOT = iphoneos;
				SWIFT_COMPILATION_MODE = wholemodule;
				SWIFT_OPTIMIZATION_LEVEL = "-O";
				VALIDATE_PRODUCT = YES;
			};
			name = Release;
		};
		47C161A5291AD3AA0013D330 /* Debug */ = {
			isa = XCBuildConfiguration;
			buildSettings = {
				ASSETCATALOG_COMPILER_APPICON_NAME = AppIcon;
				ASSETCATALOG_COMPILER_GLOBAL_ACCENT_COLOR_NAME = AccentColor;
				CODE_SIGN_STYLE = Automatic;
				CURRENT_PROJECT_VERSION = 1;
				DEVELOPMENT_TEAM = SHD3A2G97F;
				GENERATE_INFOPLIST_FILE = YES;
				INFOPLIST_FILE = "passthepotato-ios/Info.plist";
				INFOPLIST_KEY_UIApplicationSupportsIndirectInputEvents = YES;
				INFOPLIST_KEY_UILaunchStoryboardName = LaunchScreen;
				INFOPLIST_KEY_UIMainStoryboardFile = Main;
				INFOPLIST_KEY_UISupportedInterfaceOrientations_iPad = "UIInterfaceOrientationPortrait UIInterfaceOrientationPortraitUpsideDown UIInterfaceOrientationLandscapeLeft UIInterfaceOrientationLandscapeRight";
				INFOPLIST_KEY_UISupportedInterfaceOrientations_iPhone = "UIInterfaceOrientationPortrait UIInterfaceOrientationLandscapeLeft UIInterfaceOrientationLandscapeRight";
				LD_RUNPATH_SEARCH_PATHS = (
					"$(inherited)",
					"@executable_path/Frameworks",
				);
				MARKETING_VERSION = 1.0;
				PRODUCT_BUNDLE_IDENTIFIER = "leaveylabs.passthepotato-ios";
				PRODUCT_NAME = "$(TARGET_NAME)";
				SWIFT_EMIT_LOC_STRINGS = YES;
				SWIFT_VERSION = 5.0;
				TARGETED_DEVICE_FAMILY = "1,2";
			};
			name = Debug;
		};
		47C161A6291AD3AA0013D330 /* Release */ = {
			isa = XCBuildConfiguration;
			buildSettings = {
				ASSETCATALOG_COMPILER_APPICON_NAME = AppIcon;
				ASSETCATALOG_COMPILER_GLOBAL_ACCENT_COLOR_NAME = AccentColor;
				CODE_SIGN_STYLE = Automatic;
				CURRENT_PROJECT_VERSION = 1;
				DEVELOPMENT_TEAM = SHD3A2G97F;
				GENERATE_INFOPLIST_FILE = YES;
				INFOPLIST_FILE = "passthepotato-ios/Info.plist";
				INFOPLIST_KEY_UIApplicationSupportsIndirectInputEvents = YES;
				INFOPLIST_KEY_UILaunchStoryboardName = LaunchScreen;
				INFOPLIST_KEY_UIMainStoryboardFile = Main;
				INFOPLIST_KEY_UISupportedInterfaceOrientations_iPad = "UIInterfaceOrientationPortrait UIInterfaceOrientationPortraitUpsideDown UIInterfaceOrientationLandscapeLeft UIInterfaceOrientationLandscapeRight";
				INFOPLIST_KEY_UISupportedInterfaceOrientations_iPhone = "UIInterfaceOrientationPortrait UIInterfaceOrientationLandscapeLeft UIInterfaceOrientationLandscapeRight";
				LD_RUNPATH_SEARCH_PATHS = (
					"$(inherited)",
					"@executable_path/Frameworks",
				);
				MARKETING_VERSION = 1.0;
				PRODUCT_BUNDLE_IDENTIFIER = "leaveylabs.passthepotato-ios";
				PRODUCT_NAME = "$(TARGET_NAME)";
				SWIFT_EMIT_LOC_STRINGS = YES;
				SWIFT_VERSION = 5.0;
				TARGETED_DEVICE_FAMILY = "1,2";
			};
			name = Release;
		};
		47C161A8291AD3AA0013D330 /* Debug */ = {
			isa = XCBuildConfiguration;
			buildSettings = {
				ALWAYS_EMBED_SWIFT_STANDARD_LIBRARIES = YES;
				BUNDLE_LOADER = "$(TEST_HOST)";
				CODE_SIGN_STYLE = Automatic;
				CURRENT_PROJECT_VERSION = 1;
				DEVELOPMENT_TEAM = SHD3A2G97F;
				GENERATE_INFOPLIST_FILE = YES;
				IPHONEOS_DEPLOYMENT_TARGET = 16.1;
				MARKETING_VERSION = 1.0;
				PRODUCT_BUNDLE_IDENTIFIER = "leaveylabs.passthepotato-iosTests";
				PRODUCT_NAME = "$(TARGET_NAME)";
				SWIFT_EMIT_LOC_STRINGS = NO;
				SWIFT_VERSION = 5.0;
				TARGETED_DEVICE_FAMILY = "1,2";
				TEST_HOST = "$(BUILT_PRODUCTS_DIR)/passthepotato-ios.app/$(BUNDLE_EXECUTABLE_FOLDER_PATH)/passthepotato-ios";
			};
			name = Debug;
		};
		47C161A9291AD3AA0013D330 /* Release */ = {
			isa = XCBuildConfiguration;
			buildSettings = {
				ALWAYS_EMBED_SWIFT_STANDARD_LIBRARIES = YES;
				BUNDLE_LOADER = "$(TEST_HOST)";
				CODE_SIGN_STYLE = Automatic;
				CURRENT_PROJECT_VERSION = 1;
				DEVELOPMENT_TEAM = SHD3A2G97F;
				GENERATE_INFOPLIST_FILE = YES;
				IPHONEOS_DEPLOYMENT_TARGET = 16.1;
				MARKETING_VERSION = 1.0;
				PRODUCT_BUNDLE_IDENTIFIER = "leaveylabs.passthepotato-iosTests";
				PRODUCT_NAME = "$(TARGET_NAME)";
				SWIFT_EMIT_LOC_STRINGS = NO;
				SWIFT_VERSION = 5.0;
				TARGETED_DEVICE_FAMILY = "1,2";
				TEST_HOST = "$(BUILT_PRODUCTS_DIR)/passthepotato-ios.app/$(BUNDLE_EXECUTABLE_FOLDER_PATH)/passthepotato-ios";
			};
			name = Release;
		};
		47C161AB291AD3AA0013D330 /* Debug */ = {
			isa = XCBuildConfiguration;
			buildSettings = {
				ALWAYS_EMBED_SWIFT_STANDARD_LIBRARIES = YES;
				CODE_SIGN_STYLE = Automatic;
				CURRENT_PROJECT_VERSION = 1;
				DEVELOPMENT_TEAM = SHD3A2G97F;
				GENERATE_INFOPLIST_FILE = YES;
				MARKETING_VERSION = 1.0;
				PRODUCT_BUNDLE_IDENTIFIER = "leaveylabs.passthepotato-iosUITests";
				PRODUCT_NAME = "$(TARGET_NAME)";
				SWIFT_EMIT_LOC_STRINGS = NO;
				SWIFT_VERSION = 5.0;
				TARGETED_DEVICE_FAMILY = "1,2";
				TEST_TARGET_NAME = "passthepotato-ios";
			};
			name = Debug;
		};
		47C161AC291AD3AA0013D330 /* Release */ = {
			isa = XCBuildConfiguration;
			buildSettings = {
				ALWAYS_EMBED_SWIFT_STANDARD_LIBRARIES = YES;
				CODE_SIGN_STYLE = Automatic;
				CURRENT_PROJECT_VERSION = 1;
				DEVELOPMENT_TEAM = SHD3A2G97F;
				GENERATE_INFOPLIST_FILE = YES;
				MARKETING_VERSION = 1.0;
				PRODUCT_BUNDLE_IDENTIFIER = "leaveylabs.passthepotato-iosUITests";
				PRODUCT_NAME = "$(TARGET_NAME)";
				SWIFT_EMIT_LOC_STRINGS = NO;
				SWIFT_VERSION = 5.0;
				TARGETED_DEVICE_FAMILY = "1,2";
				TEST_TARGET_NAME = "passthepotato-ios";
			};
			name = Release;
		};
/* End XCBuildConfiguration section */

/* Begin XCConfigurationList section */
		47C16175291AD3A90013D330 /* Build configuration list for PBXProject "passthepotato-ios" */ = {
			isa = XCConfigurationList;
			buildConfigurations = (
				47C161A2291AD3AA0013D330 /* Debug */,
				47C161A3291AD3AA0013D330 /* Release */,
			);
			defaultConfigurationIsVisible = 0;
			defaultConfigurationName = Release;
		};
		47C161A4291AD3AA0013D330 /* Build configuration list for PBXNativeTarget "passthepotato-ios" */ = {
			isa = XCConfigurationList;
			buildConfigurations = (
				47C161A5291AD3AA0013D330 /* Debug */,
				47C161A6291AD3AA0013D330 /* Release */,
			);
			defaultConfigurationIsVisible = 0;
			defaultConfigurationName = Release;
		};
		47C161A7291AD3AA0013D330 /* Build configuration list for PBXNativeTarget "passthepotato-iosTests" */ = {
			isa = XCConfigurationList;
			buildConfigurations = (
				47C161A8291AD3AA0013D330 /* Debug */,
				47C161A9291AD3AA0013D330 /* Release */,
			);
			defaultConfigurationIsVisible = 0;
			defaultConfigurationName = Release;
		};
		47C161AA291AD3AA0013D330 /* Build configuration list for PBXNativeTarget "passthepotato-iosUITests" */ = {
			isa = XCConfigurationList;
			buildConfigurations = (
				47C161AB291AD3AA0013D330 /* Debug */,
				47C161AC291AD3AA0013D330 /* Release */,
			);
			defaultConfigurationIsVisible = 0;
			defaultConfigurationName = Release;
		};
/* End XCConfigurationList section */
	};
	rootObject = 47C16172291AD3A90013D330 /* Project object */;
}
